
Microsoft Visual Studio Solution File, Format Version 12.00
# Visual Studio 14
VisualStudioVersion = 14.0.24720.0
MinimumVisualStudioVersion = 10.0.40219.1
Project("{FAE04EC0-301F-11D3-BF4B-00C04F79EFBC}") = "bodhi-dotnet-superagent", "bodhi-dotnet-superagent\bodhi-dotnet-superagent.csproj", "{C97DC8BC-F168-48B9-98C6-B6687F76142C}"
EndProject
Project("{2150E333-8FDC-42A3-9474-1A3956D46DE8}") = "Solution Items", "Solution Items", "{AAD0FEE3-2E48-408B-846B-463DD01F9DE6}"
EndProject
Project("{FAE04EC0-301F-11D3-BF4B-00C04F79EFBC}") = "bodhi-dotnet-superagent-test", "bodhi-dotnet-superagent-test\bodhi-dotnet-superagent-test.csproj", "{9125ACC3-43D7-4E51-BF20-A7E07EF4B69C}"
EndProject
Project("{FAE04EC0-301F-11D3-BF4B-00C04F79EFBC}") = "unirest-net (net40)", "unirest-net (net40)\unirest-net (net40).csproj", "{BB1927F2-4FC7-4520-8680-49C0245E05E0}"
EndProject
Global
	GlobalSection(SolutionConfigurationPlatforms) = preSolution
		Debug|Any CPU = Debug|Any CPU
		Release|Any CPU = Release|Any CPU
	EndGlobalSection
	GlobalSection(ProjectConfigurationPlatforms) = postSolution
		{C97DC8BC-F168-48B9-98C6-B6687F76142C}.Debug|Any CPU.ActiveCfg = Debug|Any CPU
		{C97DC8BC-F168-48B9-98C6-B6687F76142C}.Debug|Any CPU.Build.0 = Debug|Any CPU
		{C97DC8BC-F168-48B9-98C6-B6687F76142C}.Release|Any CPU.ActiveCfg = Release|Any CPU
		{C97DC8BC-F168-48B9-98C6-B6687F76142C}.Release|Any CPU.Build.0 = Release|Any CPU
		{9125ACC3-43D7-4E51-BF20-A7E07EF4B69C}.Debug|Any CPU.ActiveCfg = Debug|Any CPU
		{9125ACC3-43D7-4E51-BF20-A7E07EF4B69C}.Debug|Any CPU.Build.0 = Debug|Any CPU
		{9125ACC3-43D7-4E51-BF20-A7E07EF4B69C}.Release|Any CPU.ActiveCfg = Release|Any CPU
		{9125ACC3-43D7-4E51-BF20-A7E07EF4B69C}.Release|Any CPU.Build.0 = Release|Any CPU
		{BB1927F2-4FC7-4520-8680-49C0245E05E0}.Debug|Any CPU.ActiveCfg = Debug|Any CPU
		{BB1927F2-4FC7-4520-8680-49C0245E05E0}.Debug|Any CPU.Build.0 = Debug|Any CPU
		{BB1927F2-4FC7-4520-8680-49C0245E05E0}.Release|Any CPU.ActiveCfg = Release|Any CPU
		{BB1927F2-4FC7-4520-8680-49C0245E05E0}.Release|Any CPU.Build.0 = Release|Any CPU
	EndGlobalSection
	GlobalSection(SolutionProperties) = preSolution
		HideSolutionNode = FALSE
	EndGlobalSection
EndGlobal
